
Microsoft Visual Studio Solution File, Format Version 10.00
# Visual Studio 2008
Project("{EAF909A5-FA59-4C3D-9431-0FCC20D5BCF9}") = "cDolphin_lib", "cDolphin_lib\cDolphin_lib.icproj", "{429EC96B-F74E-4FB7-BDEA-A9C08AA2C427}"
	ProjectSection(ProjectDependencies) = postProject
		{8D7E9E29-0B92-4663-8520-F4D2911BCDEF} = {8D7E9E29-0B92-4663-8520-F4D2911BCDEF}
	EndProjectSection
EndProject
Project("{EAF909A5-FA59-4C3D-9431-0FCC20D5BCF9}") = "cDolphin", "cDolphin\cDolphin.icproj", "{763B083B-5469-47B5-9A24-C39BD7F1580D}"
	ProjectSection(ProjectDependencies) = postProject
		{429EC96B-F74E-4FB7-BDEA-A9C08AA2C427} = {429EC96B-F74E-4FB7-BDEA-A9C08AA2C427}
	EndProjectSection
EndProject
Project("{EAF909A5-FA59-4C3D-9431-0FCC20D5BCF9}") = "zlib", "zlib\zlib.icproj", "{8D7E9E29-0B92-4663-8520-F4D2911BCDEF}"
EndProject
Project("{EAF909A5-FA59-4C3D-9431-0FCC20D5BCF9}") = "cScrDolphin", "cScrDolphin\cScrDolphin.icproj", "{C730D8B2-6303-494D-AF30-8B171A4FE240}"
	ProjectSection(ProjectDependencies) = postProject
		{429EC96B-F74E-4FB7-BDEA-A9C08AA2C427} = {429EC96B-F74E-4FB7-BDEA-A9C08AA2C427}
	EndProjectSection
EndProject
Global
	GlobalSection(SolutionConfigurationPlatforms) = preSolution
		Debug|Win32 = Debug|Win32
		Release|Win32 = Release|Win32
	EndGlobalSection
	GlobalSection(ProjectConfigurationPlatforms) = postSolution
		{429EC96B-F74E-4FB7-BDEA-A9C08AA2C427}.Debug|Win32.ActiveCfg = Debug|Win32
		{429EC96B-F74E-4FB7-BDEA-A9C08AA2C427}.Debug|Win32.Build.0 = Debug|Win32
		{429EC96B-F74E-4FB7-BDEA-A9C08AA2C427}.Release|Win32.ActiveCfg = Release|Win32
		{429EC96B-F74E-4FB7-BDEA-A9C08AA2C427}.Release|Win32.Build.0 = Release|Win32
		{763B083B-5469-47B5-9A24-C39BD7F1580D}.Debug|Win32.ActiveCfg = Debug|Win32
		{763B083B-5469-47B5-9A24-C39BD7F1580D}.Debug|Win32.Build.0 = Debug|Win32
		{763B083B-5469-47B5-9A24-C39BD7F1580D}.Release|Win32.ActiveCfg = Release|Win32
		{763B083B-5469-47B5-9A24-C39BD7F1580D}.Release|Win32.Build.0 = Release|Win32
		{8D7E9E29-0B92-4663-8520-F4D2911BCDEF}.Debug|Win32.ActiveCfg = Debug|Win32
		{8D7E9E29-0B92-4663-8520-F4D2911BCDEF}.Debug|Win32.Build.0 = Debug|Win32
		{8D7E9E29-0B92-4663-8520-F4D2911BCDEF}.Release|Win32.ActiveCfg = Release|Win32
		{8D7E9E29-0B92-4663-8520-F4D2911BCDEF}.Release|Win32.Build.0 = Release|Win32
		{C730D8B2-6303-494D-AF30-8B171A4FE240}.Debug|Win32.ActiveCfg = Debug|Win32
		{C730D8B2-6303-494D-AF30-8B171A4FE240}.Debug|Win32.Build.0 = Debug|Win32
		{C730D8B2-6303-494D-AF30-8B171A4FE240}.Release|Win32.ActiveCfg = Release|Win32
		{C730D8B2-6303-494D-AF30-8B171A4FE240}.Release|Win32.Build.0 = Release|Win32
		{5FA9D1FC-44D6-43D2-BB44-2ACA4E7B1B46}.Release|Win32.Build.0 = Release|Win32
		{5FA9D1FC-44D6-43D2-BB44-2ACA4E7B1B46}.Release|Win32.ActiveCfg = Release|Win32
		{5FA9D1FC-44D6-43D2-BB44-2ACA4E7B1B46}.Debug|Win32.Build.0 = Debug|Win32
		{5FA9D1FC-44D6-43D2-BB44-2ACA4E7B1B46}.Debug|Win32.ActiveCfg = Debug|Win32
		{BB0C49C8-13D2-4939-BD6A-EE4D5D28701C}.Release|Win32.Build.0 = Release|Win32
		{BB0C49C8-13D2-4939-BD6A-EE4D5D28701C}.Release|Win32.ActiveCfg = Release|Win32
		{BB0C49C8-13D2-4939-BD6A-EE4D5D28701C}.Debug|Win32.Build.0 = Debug|Win32
		{BB0C49C8-13D2-4939-BD6A-EE4D5D28701C}.Debug|Win32.ActiveCfg = Debug|Win32
		{15B4DEB7-6827-43BB-8A09-E8309BDCC78C}.Release|Win32.Build.0 = Release|Win32
		{15B4DEB7-6827-43BB-8A09-E8309BDCC78C}.Release|Win32.ActiveCfg = Release|Win32
		{15B4DEB7-6827-43BB-8A09-E8309BDCC78C}.Debug|Win32.Build.0 = Debug|Win32
		{15B4DEB7-6827-43BB-8A09-E8309BDCC78C}.Debug|Win32.ActiveCfg = Debug|Win32
		{9E2FFDB7-7B67-4DBE-B1C6-EC16A6EDB618}.Release|Win32.Build.0 = Release|Win32
		{9E2FFDB7-7B67-4DBE-B1C6-EC16A6EDB618}.Release|Win32.ActiveCfg = Release|Win32
		{9E2FFDB7-7B67-4DBE-B1C6-EC16A6EDB618}.Debug|Win32.Build.0 = Debug|Win32
		{9E2FFDB7-7B67-4DBE-B1C6-EC16A6EDB618}.Debug|Win32.ActiveCfg = Debug|Win32
	EndGlobalSection
	GlobalSection(SolutionProperties) = preSolution
		HideSolutionNode = FALSE
	EndGlobalSection
EndGlobal
